
Microsoft Visual Studio Solution File, Format Version 12.00
# Visual Studio Version 17
VisualStudioVersion = 17.14.36401.2
MinimumVisualStudioVersion = 10.0.40219.1
Project("{FAE04EC0-301F-11D3-BF4B-00C04F79EFBC}") = "Sample.Api", "Sample.Api.csproj", "{6225D4FE-DE1B-4BB0-8B5C-88886B6DF98C}"
EndProject
Project("{FAE04EC0-301F-11D3-BF4B-00C04F79EFBC}") = "Sample.Domain", "..\SampleDomain\Sample.Domain.csproj", "{2614F5DE-4571-4230-9778-F719A0E44D7A}"
EndProject
Project("{FAE04EC0-301F-11D3-BF4B-00C04F79EFBC}") = "Sample.Infrastructure", "..\Sample.Infrastructure\Sample.Infrastructure.csproj", "{826875C3-A12A-446D-8A26-D15F24D449DC}"
EndProject
Project("{FAE04EC0-301F-11D3-BF4B-00C04F79EFBC}") = "Sample.Application", "..\Sample.Application\Sample.Application.csproj", "{43C90540-57EC-455C-AF02-49DE68D9D884}"
EndProject
Project("{FAE04EC0-301F-11D3-BF4B-00C04F79EFBC}") = "Sample.Common", "..\Sample.Common\Sample.Common.csproj", "{A31BDC47-10AF-4707-A5A0-CBF70D7B8969}"
EndProject
Project("{2150E333-8FDC-42A3-9474-1A3956D46DE8}") = "Services", "Services", "{02EA681E-C7D8-13C7-8484-4AC65E1B71E8}"
EndProject
Global
	GlobalSection(SolutionConfigurationPlatforms) = preSolution
		Debug|Any CPU = Debug|Any CPU
		Release|Any CPU = Release|Any CPU
	EndGlobalSection
	GlobalSection(ProjectConfigurationPlatforms) = postSolution
		{6225D4FE-DE1B-4BB0-8B5C-88886B6DF98C}.Debug|Any CPU.ActiveCfg = Debug|Any CPU
		{6225D4FE-DE1B-4BB0-8B5C-88886B6DF98C}.Debug|Any CPU.Build.0 = Debug|Any CPU
		{6225D4FE-DE1B-4BB0-8B5C-88886B6DF98C}.Release|Any CPU.ActiveCfg = Release|Any CPU
		{6225D4FE-DE1B-4BB0-8B5C-88886B6DF98C}.Release|Any CPU.Build.0 = Release|Any CPU
		{2614F5DE-4571-4230-9778-F719A0E44D7A}.Debug|Any CPU.ActiveCfg = Debug|Any CPU
		{2614F5DE-4571-4230-9778-F719A0E44D7A}.Debug|Any CPU.Build.0 = Debug|Any CPU
		{2614F5DE-4571-4230-9778-F719A0E44D7A}.Release|Any CPU.ActiveCfg = Release|Any CPU
		{2614F5DE-4571-4230-9778-F719A0E44D7A}.Release|Any CPU.Build.0 = Release|Any CPU
		{826875C3-A12A-446D-8A26-D15F24D449DC}.Debug|Any CPU.ActiveCfg = Debug|Any CPU
		{826875C3-A12A-446D-8A26-D15F24D449DC}.Debug|Any CPU.Build.0 = Debug|Any CPU
		{826875C3-A12A-446D-8A26-D15F24D449DC}.Release|Any CPU.ActiveCfg = Release|Any CPU
		{826875C3-A12A-446D-8A26-D15F24D449DC}.Release|Any CPU.Build.0 = Release|Any CPU
		{43C90540-57EC-455C-AF02-49DE68D9D884}.Debug|Any CPU.ActiveCfg = Debug|Any CPU
		{43C90540-57EC-455C-AF02-49DE68D9D884}.Debug|Any CPU.Build.0 = Debug|Any CPU
		{43C90540-57EC-455C-AF02-49DE68D9D884}.Release|Any CPU.ActiveCfg = Release|Any CPU
		{43C90540-57EC-455C-AF02-49DE68D9D884}.Release|Any CPU.Build.0 = Release|Any CPU
		{A31BDC47-10AF-4707-A5A0-CBF70D7B8969}.Debug|Any CPU.ActiveCfg = Debug|Any CPU
		{A31BDC47-10AF-4707-A5A0-CBF70D7B8969}.Debug|Any CPU.Build.0 = Debug|Any CPU
		{A31BDC47-10AF-4707-A5A0-CBF70D7B8969}.Release|Any CPU.ActiveCfg = Release|Any CPU
		{A31BDC47-10AF-4707-A5A0-CBF70D7B8969}.Release|Any CPU.Build.0 = Release|Any CPU
	EndGlobalSection
	GlobalSection(SolutionProperties) = preSolution
		HideSolutionNode = FALSE
	EndGlobalSection
	GlobalSection(NestedProjects) = preSolution
		{6225D4FE-DE1B-4BB0-8B5C-88886B6DF98C} = {02EA681E-C7D8-13C7-8484-4AC65E1B71E8}
		{2614F5DE-4571-4230-9778-F719A0E44D7A} = {02EA681E-C7D8-13C7-8484-4AC65E1B71E8}
		{826875C3-A12A-446D-8A26-D15F24D449DC} = {02EA681E-C7D8-13C7-8484-4AC65E1B71E8}
		{43C90540-57EC-455C-AF02-49DE68D9D884} = {02EA681E-C7D8-13C7-8484-4AC65E1B71E8}
	EndGlobalSection
	GlobalSection(ExtensibilityGlobals) = postSolution
		SolutionGuid = {53EEF2F6-5480-4E11-A58A-7BEDE30C589C}
	EndGlobalSection
EndGlobal
